
Microsoft Visual Studio Solution File, Format Version 12.00
# Visual Studio Version 16
VisualStudioVersion = 16.0.30907.101
MinimumVisualStudioVersion = 10.0.40219.1
Project("{FAE04EC0-301F-11D3-BF4B-00C04F79EFBC}") = "prog4.1", "prog4.1\prog4.1.csproj", "{91A97A23-AA09-4823-A39E-FD87C054FF17}"
EndProject
Global
	GlobalSection(SolutionConfigurationPlatforms) = preSolution
		Debug|Any CPU = Debug|Any CPU
		Release|Any CPU = Release|Any CPU
	EndGlobalSection
	GlobalSection(ProjectConfigurationPlatforms) = postSolution
		{91A97A23-AA09-4823-A39E-FD87C054FF17}.Debug|Any CPU.ActiveCfg = Debug|Any CPU
		{91A97A23-AA09-4823-A39E-FD87C054FF17}.Debug|Any CPU.Build.0 = Debug|Any CPU
		{91A97A23-AA09-4823-A39E-FD87C054FF17}.Release|Any CPU.ActiveCfg = Release|Any CPU
		{91A97A23-AA09-4823-A39E-FD87C054FF17}.Release|Any CPU.Build.0 = Release|Any CPU
	EndGlobalSection
	GlobalSection(SolutionProperties) = preSolution
		HideSolutionNode = FALSE
	EndGlobalSection
	GlobalSection(ExtensibilityGlobals) = postSolution
		SolutionGuid = {BD1368F2-75EB-44CE-8892-F41232C10F1A}
	EndGlobalSection
EndGlobal
